
Microsoft Visual Studio Solution File, Format Version 12.00
# Visual Studio 15
VisualStudioVersion = 15.0.28307.1259
MinimumVisualStudioVersion = 10.0.40219.1
Project("{FAE04EC0-301F-11D3-BF4B-00C04F79EFBC}") = "NUIGLCube", "NUIGLCube\NUIGLCube.csproj", "{52B59061-D094-4129-B03D-48B0B23F205D}"
EndProject
Global
	GlobalSection(SolutionConfigurationPlatforms) = preSolution
		Debug|Any CPU = Debug|Any CPU
		Release|Any CPU = Release|Any CPU
	EndGlobalSection
	GlobalSection(ProjectConfigurationPlatforms) = postSolution
		{52B59061-D094-4129-B03D-48B0B23F205D}.Debug|Any CPU.ActiveCfg = Debug|Any CPU
		{52B59061-D094-4129-B03D-48B0B23F205D}.Debug|Any CPU.Build.0 = Debug|Any CPU
		{52B59061-D094-4129-B03D-48B0B23F205D}.Release|Any CPU.ActiveCfg = Release|Any CPU
		{52B59061-D094-4129-B03D-48B0B23F205D}.Release|Any CPU.Build.0 = Release|Any CPU
	EndGlobalSection
	GlobalSection(SolutionProperties) = preSolution
		HideSolutionNode = FALSE
	EndGlobalSection
	GlobalSection(ExtensibilityGlobals) = postSolution
		SolutionGuid = {2DD5E197-31CB-4EB8-8CA5-9257CE925649}
	EndGlobalSection
EndGlobal
